
Microsoft Visual Studio Solution File, Format Version 12.00
# Visual Studio Version 16
VisualStudioVersion = 16.0.31205.134
MinimumVisualStudioVersion = 10.0.40219.1
Project("{FAE04EC0-301F-11D3-BF4B-00C04F79EFBC}") = "Cinema", "Cinema\Cinema.csproj", "{B8C6F328-8188-499A-84A0-6DEC155BB95D}"
EndProject
Global
	GlobalSection(SolutionConfigurationPlatforms) = preSolution
		Debug|Any CPU = Debug|Any CPU
		Release|Any CPU = Release|Any CPU
	EndGlobalSection
	GlobalSection(ProjectConfigurationPlatforms) = postSolution
		{B8C6F328-8188-499A-84A0-6DEC155BB95D}.Debug|Any CPU.ActiveCfg = Debug|Any CPU
		{B8C6F328-8188-499A-84A0-6DEC155BB95D}.Debug|Any CPU.Build.0 = Debug|Any CPU
		{B8C6F328-8188-499A-84A0-6DEC155BB95D}.Release|Any CPU.ActiveCfg = Release|Any CPU
		{B8C6F328-8188-499A-84A0-6DEC155BB95D}.Release|Any CPU.Build.0 = Release|Any CPU
	EndGlobalSection
	GlobalSection(SolutionProperties) = preSolution
		HideSolutionNode = FALSE
	EndGlobalSection
	GlobalSection(ExtensibilityGlobals) = postSolution
		SolutionGuid = {50F5FD4C-05EA-4591-9C91-F5422B721CCB}
	EndGlobalSection
EndGlobal
